// !$*UTF8*$!
{
	archiveVersion = 1;
	classes = {
	};
	objectVersion = 56;
	objects = {

/* Begin PBXBuildFile section */
		C05CE6CA29ABC5AA00B3D2B9 /* GoldeselApp.swift in Sources */ = {isa = PBXBuildFile; fileRef = C05CE6C929ABC5AA00B3D2B9 /* GoldeselApp.swift */; };
		C05CE6CC29ABC5AA00B3D2B9 /* ContentView.swift in Sources */ = {isa = PBXBuildFile; fileRef = C05CE6CB29ABC5AA00B3D2B9 /* ContentView.swift */; };
		C05CE6CE29ABC5AB00B3D2B9 /* Assets.xcassets in Resources */ = {isa = PBXBuildFile; fileRef = C05CE6CD29ABC5AB00B3D2B9 /* Assets.xcassets */; };
		C05CE6D129ABC5AB00B3D2B9 /* Preview Assets.xcassets in Resources */ = {isa = PBXBuildFile; fileRef = C05CE6D029ABC5AB00B3D2B9 /* Preview Assets.xcassets */; };
		C05CE6DB29ABC5AC00B3D2B9 /* GoldeselTests.swift in Sources */ = {isa = PBXBuildFile; fileRef = C05CE6DA29ABC5AC00B3D2B9 /* GoldeselTests.swift */; };
		C05CE6E529ABC5AC00B3D2B9 /* GoldeselUITests.swift in Sources */ = {isa = PBXBuildFile; fileRef = C05CE6E429ABC5AC00B3D2B9 /* GoldeselUITests.swift */; };
		C05CE6E729ABC5AC00B3D2B9 /* GoldeselUITestsLaunchTests.swift in Sources */ = {isa = PBXBuildFile; fileRef = C05CE6E629ABC5AC00B3D2B9 /* GoldeselUITestsLaunchTests.swift */; };
/* End PBXBuildFile section */

/* Begin PBXContainerItemProxy section */
		C05CE6D729ABC5AC00B3D2B9 /* PBXContainerItemProxy */ = {
			isa = PBXContainerItemProxy;
			containerPortal = C05CE6BE29ABC5AA00B3D2B9 /* Project object */;
			proxyType = 1;
			remoteGlobalIDString = C05CE6C529ABC5AA00B3D2B9;
			remoteInfo = Goldesel;
		};
		C05CE6E129ABC5AC00B3D2B9 /* PBXContainerItemProxy */ = {
			isa = PBXContainerItemProxy;
			containerPortal = C05CE6BE29ABC5AA00B3D2B9 /* Project object */;
			proxyType = 1;
			remoteGlobalIDString = C05CE6C529ABC5AA00B3D2B9;
			remoteInfo = Goldesel;
		};
/* End PBXContainerItemProxy section */

/* Begin PBXFileReference section */
		C05CE6C629ABC5AA00B3D2B9 /* Goldesel.app */ = {isa = PBXFileReference; explicitFileType = wrapper.application; includeInIndex = 0; path = Goldesel.app; sourceTree = BUILT_PRODUCTS_DIR; };
		C05CE6C929ABC5AA00B3D2B9 /* GoldeselApp.swift */ = {isa = PBXFileReference; lastKnownFileType = sourcecode.swift; path = GoldeselApp.swift; sourceTree = "<group>"; };
		C05CE6CB29ABC5AA00B3D2B9 /* ContentView.swift */ = {isa = PBXFileReference; lastKnownFileType = sourcecode.swift; path = ContentView.swift; sourceTree = "<group>"; };
		C05CE6CD29ABC5AB00B3D2B9 /* Assets.xcassets */ = {isa = PBXFileReference; lastKnownFileType = folder.assetcatalog; path = Assets.xcassets; sourceTree = "<group>"; };
		C05CE6D029ABC5AB00B3D2B9 /* Preview Assets.xcassets */ = {isa = PBXFileReference; lastKnownFileType = folder.assetcatalog; path = "Preview Assets.xcassets"; sourceTree = "<group>"; };
		C05CE6D629ABC5AC00B3D2B9 /* GoldeselTests.xctest */ = {isa = PBXFileReference; explicitFileType = wrapper.cfbundle; includeInIndex = 0; path = GoldeselTests.xctest; sourceTree = BUILT_PRODUCTS_DIR; };
		C05CE6DA29ABC5AC00B3D2B9 /* GoldeselTests.swift */ = {isa = PBXFileReference; lastKnownFileType = sourcecode.swift; path = GoldeselTests.swift; sourceTree = "<group>"; };
		C05CE6E029ABC5AC00B3D2B9 /* GoldeselUITests.xctest */ = {isa = PBXFileReference; explicitFileType = wrapper.cfbundle; includeInIndex = 0; path = GoldeselUITests.xctest; sourceTree = BUILT_PRODUCTS_DIR; };
		C05CE6E429ABC5AC00B3D2B9 /* GoldeselUITests.swift */ = {isa = PBXFileReference; lastKnownFileType = sourcecode.swift; path = GoldeselUITests.swift; sourceTree = "<group>"; };
		C05CE6E629ABC5AC00B3D2B9 /* GoldeselUITestsLaunchTests.swift */ = {isa = PBXFileReference; lastKnownFileType = sourcecode.swift; path = GoldeselUITestsLaunchTests.swift; sourceTree = "<group>"; };
/* End PBXFileReference section */

/* Begin PBXFrameworksBuildPhase section */
		C05CE6C329ABC5AA00B3D2B9 /* Frameworks */ = {
			isa = PBXFrameworksBuildPhase;
			buildActionMask = 2147483647;
			files = (
			);
			runOnlyForDeploymentPostprocessing = 0;
		};
		C05CE6D329ABC5AC00B3D2B9 /* Frameworks */ = {
			isa = PBXFrameworksBuildPhase;
			buildActionMask = 2147483647;
			files = (
			);
			runOnlyForDeploymentPostprocessing = 0;
		};
		C05CE6DD29ABC5AC00B3D2B9 /* Frameworks */ = {
			isa = PBXFrameworksBuildPhase;
			buildActionMask = 2147483647;
			files = (
			);
			runOnlyForDeploymentPostprocessing = 0;
		};
/* End PBXFrameworksBuildPhase section */

/* Begin PBXGroup section */
		C05CE6BD29ABC5AA00B3D2B9 = {
			isa = PBXGroup;
			children = (
				C05CE6C829ABC5AA00B3D2B9 /* Goldesel */,
				C05CE6D929ABC5AC00B3D2B9 /* GoldeselTests */,
				C05CE6E329ABC5AC00B3D2B9 /* GoldeselUITests */,
				C05CE6C729ABC5AA00B3D2B9 /* Products */,
			);
			sourceTree = "<group>";
		};
		C05CE6C729ABC5AA00B3D2B9 /* Products */ = {
			isa = PBXGroup;
			children = (
				C05CE6C629ABC5AA00B3D2B9 /* Goldesel.app */,
				C05CE6D629ABC5AC00B3D2B9 /* GoldeselTests.xctest */,
				C05CE6E029ABC5AC00B3D2B9 /* GoldeselUITests.xctest */,
			);
			name = Products;
			sourceTree = "<group>";
		};
		C05CE6C829ABC5AA00B3D2B9 /* Goldesel */ = {
			isa = PBXGroup;
			children = (
				C05CE6C929ABC5AA00B3D2B9 /* GoldeselApp.swift */,
				C05CE6CB29ABC5AA00B3D2B9 /* ContentView.swift */,
				C05CE6CD29ABC5AB00B3D2B9 /* Assets.xcassets */,
				C05CE6CF29ABC5AB00B3D2B9 /* Preview Content */,
			);
			path = Goldesel;
			sourceTree = "<group>";
		};
		C05CE6CF29ABC5AB00B3D2B9 /* Preview Content */ = {
			isa = PBXGroup;
			children = (
				C05CE6D029ABC5AB00B3D2B9 /* Preview Assets.xcassets */,
			);
			path = "Preview Content";
			sourceTree = "<group>";
		};
		C05CE6D929ABC5AC00B3D2B9 /* GoldeselTests */ = {
			isa = PBXGroup;
			children = (
				C05CE6DA29ABC5AC00B3D2B9 /* GoldeselTests.swift */,
			);
			path = GoldeselTests;
			sourceTree = "<group>";
		};
		C05CE6E329ABC5AC00B3D2B9 /* GoldeselUITests */ = {
			isa = PBXGroup;
			children = (
				C05CE6E429ABC5AC00B3D2B9 /* GoldeselUITests.swift */,
				C05CE6E629ABC5AC00B3D2B9 /* GoldeselUITestsLaunchTests.swift */,
			);
			path = GoldeselUITests;
			sourceTree = "<group>";
		};
/* End PBXGroup section */

/* Begin PBXNativeTarget section */
		C05CE6C529ABC5AA00B3D2B9 /* Goldesel */ = {
			isa = PBXNativeTarget;
			buildConfigurationList = C05CE6EA29ABC5AC00B3D2B9 /* Build configuration list for PBXNativeTarget "Goldesel" */;
			buildPhases = (
				C05CE6C229ABC5AA00B3D2B9 /* Sources */,
				C05CE6C329ABC5AA00B3D2B9 /* Frameworks */,
				C05CE6C429ABC5AA00B3D2B9 /* Resources */,
			);
			buildRules = (
			);
			dependencies = (
			);
			name = Goldesel;
			productName = Goldesel;
			productReference = C05CE6C629ABC5AA00B3D2B9 /* Goldesel.app */;
			productType = "com.apple.product-type.application";
		};
		C05CE6D529ABC5AC00B3D2B9 /* GoldeselTests */ = {
			isa = PBXNativeTarget;
			buildConfigurationList = C05CE6ED29ABC5AC00B3D2B9 /* Build configuration list for PBXNativeTarget "GoldeselTests" */;
			buildPhases = (
				C05CE6D229ABC5AC00B3D2B9 /* Sources */,
				C05CE6D329ABC5AC00B3D2B9 /* Frameworks */,
				C05CE6D429ABC5AC00B3D2B9 /* Resources */,
			);
			buildRules = (
			);
			dependencies = (
				C05CE6D829ABC5AC00B3D2B9 /* PBXTargetDependency */,
			);
			name = GoldeselTests;
			productName = GoldeselTests;
			productReference = C05CE6D629ABC5AC00B3D2B9 /* GoldeselTests.xctest */;
			productType = "com.apple.product-type.bundle.unit-test";
		};
		C05CE6DF29ABC5AC00B3D2B9 /* GoldeselUITests */ = {
			isa = PBXNativeTarget;
			buildConfigurationList = C05CE6F029ABC5AC00B3D2B9 /* Build configuration list for PBXNativeTarget "GoldeselUITests" */;
			buildPhases = (
				C05CE6DC29ABC5AC00B3D2B9 /* Sources */,
				C05CE6DD29ABC5AC00B3D2B9 /* Frameworks */,
				C05CE6DE29ABC5AC00B3D2B9 /* Resources */,
			);
			buildRules = (
			);
			dependencies = (
				C05CE6E229ABC5AC00B3D2B9 /* PBXTargetDependency */,
			);
			name = GoldeselUITests;
			productName = GoldeselUITests;
			productReference = C05CE6E029ABC5AC00B3D2B9 /* GoldeselUITests.xctest */;
			productType = "com.apple.product-type.bundle.ui-testing";
		};
/* End PBXNativeTarget section */

/* Begin PBXProject section */
		C05CE6BE29ABC5AA00B3D2B9 /* Project object */ = {
			isa = PBXProject;
			attributes = {
				BuildIndependentTargetsInParallel = 1;
				LastSwiftUpdateCheck = 1420;
				LastUpgradeCheck = 1420;
				TargetAttributes = {
					C05CE6C529ABC5AA00B3D2B9 = {
						CreatedOnToolsVersion = 14.2;
					};
					C05CE6D529ABC5AC00B3D2B9 = {
						CreatedOnToolsVersion = 14.2;
						TestTargetID = C05CE6C529ABC5AA00B3D2B9;
					};
					C05CE6DF29ABC5AC00B3D2B9 = {
						CreatedOnToolsVersion = 14.2;
						TestTargetID = C05CE6C529ABC5AA00B3D2B9;
					};
				};
			};
			buildConfigurationList = C05CE6C129ABC5AA00B3D2B9 /* Build configuration list for PBXProject "Goldesel" */;
			compatibilityVersion = "Xcode 14.0";
			developmentRegion = en;
			hasScannedForEncodings = 0;
			knownRegions = (
				en,
				Base,
			);
			mainGroup = C05CE6BD29ABC5AA00B3D2B9;
			productRefGroup = C05CE6C729ABC5AA00B3D2B9 /* Products */;
			projectDirPath = "";
			projectRoot = "";
			targets = (
				C05CE6C529ABC5AA00B3D2B9 /* Goldesel */,
				C05CE6D529ABC5AC00B3D2B9 /* GoldeselTests */,
				C05CE6DF29ABC5AC00B3D2B9 /* GoldeselUITests */,
			);
		};
/* End PBXProject section */

/* Begin PBXResourcesBuildPhase section */
		C05CE6C429ABC5AA00B3D2B9 /* Resources */ = {
			isa = PBXResourcesBuildPhase;
			buildActionMask = 2147483647;
			files = (
				C05CE6D129ABC5AB00B3D2B9 /* Preview Assets.xcassets in Resources */,
				C05CE6CE29ABC5AB00B3D2B9 /* Assets.xcassets in Resources */,
			);
			runOnlyForDeploymentPostprocessing = 0;
		};
		C05CE6D429ABC5AC00B3D2B9 /* Resources */ = {
			isa = PBXResourcesBuildPhase;
			buildActionMask = 2147483647;
			files = (
			);
			runOnlyForDeploymentPostprocessing = 0;
		};
		C05CE6DE29ABC5AC00B3D2B9 /* Resources */ = {
			isa = PBXResourcesBuildPhase;
			buildActionMask = 2147483647;
			files = (
			);
			runOnlyForDeploymentPostprocessing = 0;
		};
/* End PBXResourcesBuildPhase section */

/* Begin PBXSourcesBuildPhase section */
		C05CE6C229ABC5AA00B3D2B9 /* Sources */ = {
			isa = PBXSourcesBuildPhase;
			buildActionMask = 2147483647;
			files = (
				C05CE6CC29ABC5AA00B3D2B9 /* ContentView.swift in Sources */,
				C05CE6CA29ABC5AA00B3D2B9 /* GoldeselApp.swift in Sources */,
			);
			runOnlyForDeploymentPostprocessing = 0;
		};
		C05CE6D229ABC5AC00B3D2B9 /* Sources */ = {
			isa = PBXSourcesBuildPhase;
			buildActionMask = 2147483647;
			files = (
				C05CE6DB29ABC5AC00B3D2B9 /* GoldeselTests.swift in Sources */,
			);
			runOnlyForDeploymentPostprocessing = 0;
		};
		C05CE6DC29ABC5AC00B3D2B9 /* Sources */ = {
			isa = PBXSourcesBuildPhase;
			buildActionMask = 2147483647;
			files = (
				C05CE6E729ABC5AC00B3D2B9 /* GoldeselUITestsLaunchTests.swift in Sources */,
				C05CE6E529ABC5AC00B3D2B9 /* GoldeselUITests.swift in Sources */,
			);
			runOnlyForDeploymentPostprocessing = 0;
		};
/* End PBXSourcesBuildPhase section */

/* Begin PBXTargetDependency section */
		C05CE6D829ABC5AC00B3D2B9 /* PBXTargetDependency */ = {
			isa = PBXTargetDependency;
			target = C05CE6C529ABC5AA00B3D2B9 /* Goldesel */;
			targetProxy = C05CE6D729ABC5AC00B3D2B9 /* PBXContainerItemProxy */;
		};
		C05CE6E229ABC5AC00B3D2B9 /* PBXTargetDependency */ = {
			isa = PBXTargetDependency;
			target = C05CE6C529ABC5AA00B3D2B9 /* Goldesel */;
			targetProxy = C05CE6E129ABC5AC00B3D2B9 /* PBXContainerItemProxy */;
		};
/* End PBXTargetDependency section */

/* Begin XCBuildConfiguration section */
		C05CE6E829ABC5AC00B3D2B9 /* Debug */ = {
			isa = XCBuildConfiguration;
			buildSettings = {
				ALWAYS_SEARCH_USER_PATHS = NO;
				CLANG_ANALYZER_NONNULL = YES;
				CLANG_ANALYZER_NUMBER_OBJECT_CONVERSION = YES_AGGRESSIVE;
				CLANG_CXX_LANGUAGE_STANDARD = "gnu++20";
				CLANG_ENABLE_MODULES = YES;
				CLANG_ENABLE_OBJC_ARC = YES;
				CLANG_ENABLE_OBJC_WEAK = YES;
				CLANG_WARN_BLOCK_CAPTURE_AUTORELEASING = YES;
				CLANG_WARN_BOOL_CONVERSION = YES;
				CLANG_WARN_COMMA = YES;
				CLANG_WARN_CONSTANT_CONVERSION = YES;
				CLANG_WARN_DEPRECATED_OBJC_IMPLEMENTATIONS = YES;
				CLANG_WARN_DIRECT_OBJC_ISA_USAGE = YES_ERROR;
				CLANG_WARN_DOCUMENTATION_COMMENTS = YES;
				CLANG_WARN_EMPTY_BODY = YES;
				CLANG_WARN_ENUM_CONVERSION = YES;
				CLANG_WARN_INFINITE_RECURSION = YES;
				CLANG_WARN_INT_CONVERSION = YES;
				CLANG_WARN_NON_LITERAL_NULL_CONVERSION = YES;
				CLANG_WARN_OBJC_IMPLICIT_RETAIN_SELF = YES;
				CLANG_WARN_OBJC_LITERAL_CONVERSION = YES;
				CLANG_WARN_OBJC_ROOT_CLASS = YES_ERROR;
				CLANG_WARN_QUOTED_INCLUDE_IN_FRAMEWORK_HEADER = YES;
				CLANG_WARN_RANGE_LOOP_ANALYSIS = YES;
				CLANG_WARN_STRICT_PROTOTYPES = YES;
				CLANG_WARN_SUSPICIOUS_MOVE = YES;
				CLANG_WARN_UNGUARDED_AVAILABILITY = YES_AGGRESSIVE;
				CLANG_WARN_UNREACHABLE_CODE = YES;
				CLANG_WARN__DUPLICATE_METHOD_MATCH = YES;
				COPY_PHASE_STRIP = NO;
				DEBUG_INFORMATION_FORMAT = dwarf;
				ENABLE_STRICT_OBJC_MSGSEND = YES;
				ENABLE_TESTABILITY = YES;
				GCC_C_LANGUAGE_STANDARD = gnu11;
				GCC_DYNAMIC_NO_PIC = NO;
				GCC_NO_COMMON_BLOCKS = YES;
				GCC_OPTIMIZATION_LEVEL = 0;
				GCC_PREPROCESSOR_DEFINITIONS = (
					"DEBUG=1",
					"$(inherited)",
				);
				GCC_WARN_64_TO_32_BIT_CONVERSION = YES;
				GCC_WARN_ABOUT_RETURN_TYPE = YES_ERROR;
				GCC_WARN_UNDECLARED_SELECTOR = YES;
				GCC_WARN_UNINITIALIZED_AUTOS = YES_AGGRESSIVE;
				GCC_WARN_UNUSED_FUNCTION = YES;
				GCC_WARN_UNUSED_VARIABLE = YES;
				IPHONEOS_DEPLOYMENT_TARGET = 16.2;
				MTL_ENABLE_DEBUG_INFO = INCLUDE_SOURCE;
				MTL_FAST_MATH = YES;
				ONLY_ACTIVE_ARCH = YES;
				SDKROOT = iphoneos;
				SWIFT_ACTIVE_COMPILATION_CONDITIONS = DEBUG;
				SWIFT_OPTIMIZATION_LEVEL = "-Onone";
			};
			name = Debug;
		};
		C05CE6E929ABC5AC00B3D2B9 /* Release */ = {
			isa = XCBuildConfiguration;
			buildSettings = {
				ALWAYS_SEARCH_USER_PATHS = NO;
				CLANG_ANALYZER_NONNULL = YES;
				CLANG_ANALYZER_NUMBER_OBJECT_CONVERSION = YES_AGGRESSIVE;
				CLANG_CXX_LANGUAGE_STANDARD = "gnu++20";
				CLANG_ENABLE_MODULES = YES;
				CLANG_ENABLE_OBJC_ARC = YES;
				CLANG_ENABLE_OBJC_WEAK = YES;
				CLANG_WARN_BLOCK_CAPTURE_AUTORELEASING = YES;
				CLANG_WARN_BOOL_CONVERSION = YES;
				CLANG_WARN_COMMA = YES;
				CLANG_WARN_CONSTANT_CONVERSION = YES;
				CLANG_WARN_DEPRECATED_OBJC_IMPLEMENTATIONS = YES;
				CLANG_WARN_DIRECT_OBJC_ISA_USAGE = YES_ERROR;
				CLANG_WARN_DOCUMENTATION_COMMENTS = YES;
				CLANG_WARN_EMPTY_BODY = YES;
				CLANG_WARN_ENUM_CONVERSION = YES;
				CLANG_WARN_INFINITE_RECURSION = YES;
				CLANG_WARN_INT_CONVERSION = YES;
				CLANG_WARN_NON_LITERAL_NULL_CONVERSION = YES;
				CLANG_WARN_OBJC_IMPLICIT_RETAIN_SELF = YES;
				CLANG_WARN_OBJC_LITERAL_CONVERSION = YES;
				CLANG_WARN_OBJC_ROOT_CLASS = YES_ERROR;
				CLANG_WARN_QUOTED_INCLUDE_IN_FRAMEWORK_HEADER = YES;
				CLANG_WARN_RANGE_LOOP_ANALYSIS = YES;
				CLANG_WARN_STRICT_PROTOTYPES = YES;
				CLANG_WARN_SUSPICIOUS_MOVE = YES;
				CLANG_WARN_UNGUARDED_AVAILABILITY = YES_AGGRESSIVE;
				CLANG_WARN_UNREACHABLE_CODE = YES;
				CLANG_WARN__DUPLICATE_METHOD_MATCH = YES;
				COPY_PHASE_STRIP = NO;
				DEBUG_INFORMATION_FORMAT = "dwarf-with-dsym";
				ENABLE_NS_ASSERTIONS = NO;
				ENABLE_STRICT_OBJC_MSGSEND = YES;
				GCC_C_LANGUAGE_STANDARD = gnu11;
				GCC_NO_COMMON_BLOCKS = YES;
				GCC_WARN_64_TO_32_BIT_CONVERSION = YES;
				GCC_WARN_ABOUT_RETURN_TYPE = YES_ERROR;
				GCC_WARN_UNDECLARED_SELECTOR = YES;
				GCC_WARN_UNINITIALIZED_AUTOS = YES_AGGRESSIVE;
				GCC_WARN_UNUSED_FUNCTION = YES;
				GCC_WARN_UNUSED_VARIABLE = YES;
				IPHONEOS_DEPLOYMENT_TARGET = 16.2;
				MTL_ENABLE_DEBUG_INFO = NO;
				MTL_FAST_MATH = YES;
				SDKROOT = iphoneos;
				SWIFT_COMPILATION_MODE = wholemodule;
				SWIFT_OPTIMIZATION_LEVEL = "-O";
				VALIDATE_PRODUCT = YES;
			};
			name = Release;
		};
		C05CE6EB29ABC5AC00B3D2B9 /* Debug */ = {
			isa = XCBuildConfiguration;
			buildSettings = {
				ASSETCATALOG_COMPILER_APPICON_NAME = AppIcon;
				ASSETCATALOG_COMPILER_GLOBAL_ACCENT_COLOR_NAME = AccentColor;
				CODE_SIGN_STYLE = Automatic;
				CURRENT_PROJECT_VERSION = 1;
				DEVELOPMENT_ASSET_PATHS = "\"Goldesel/Preview Content\"";
				DEVELOPMENT_TEAM = 328H4P3USJ;
				ENABLE_PREVIEWS = YES;
				GENERATE_INFOPLIST_FILE = YES;
				INFOPLIST_KEY_UIApplicationSceneManifest_Generation = YES;
				INFOPLIST_KEY_UIApplicationSupportsIndirectInputEvents = YES;
				INFOPLIST_KEY_UILaunchScreen_Generation = YES;
				INFOPLIST_KEY_UISupportedInterfaceOrientations_iPad = "UIInterfaceOrientationPortrait UIInterfaceOrientationPortraitUpsideDown UIInterfaceOrientationLandscapeLeft UIInterfaceOrientationLandscapeRight";
				INFOPLIST_KEY_UISupportedInterfaceOrientations_iPhone = "UIInterfaceOrientationPortrait UIInterfaceOrientationLandscapeLeft UIInterfaceOrientationLandscapeRight";
				LD_RUNPATH_SEARCH_PATHS = (
					"$(inherited)",
					"@executable_path/Frameworks",
				);
				MARKETING_VERSION = 1.0;
				PRODUCT_BUNDLE_IDENTIFIER = goldesel.Goldesel;
				PRODUCT_NAME = "$(TARGET_NAME)";
				SWIFT_EMIT_LOC_STRINGS = YES;
				SWIFT_VERSION = 5.0;
				TARGETED_DEVICE_FAMILY = "1,2";
			};
			name = Debug;
		};
		C05CE6EC29ABC5AC00B3D2B9 /* Release */ = {
			isa = XCBuildConfiguration;
			buildSettings = {
				ASSETCATALOG_COMPILER_APPICON_NAME = AppIcon;
				ASSETCATALOG_COMPILER_GLOBAL_ACCENT_COLOR_NAME = AccentColor;
				CODE_SIGN_STYLE = Automatic;
				CURRENT_PROJECT_VERSION = 1;
				DEVELOPMENT_ASSET_PATHS = "\"Goldesel/Preview Content\"";
				DEVELOPMENT_TEAM = 328H4P3USJ;
				ENABLE_PREVIEWS = YES;
				GENERATE_INFOPLIST_FILE = YES;
				INFOPLIST_KEY_UIApplicationSceneManifest_Generation = YES;
				INFOPLIST_KEY_UIApplicationSupportsIndirectInputEvents = YES;
				INFOPLIST_KEY_UILaunchScreen_Generation = YES;
				INFOPLIST_KEY_UISupportedInterfaceOrientations_iPad = "UIInterfaceOrientationPortrait UIInterfaceOrientationPortraitUpsideDown UIInterfaceOrientationLandscapeLeft UIInterfaceOrientationLandscapeRight";
				INFOPLIST_KEY_UISupportedInterfaceOrientations_iPhone = "UIInterfaceOrientationPortrait UIInterfaceOrientationLandscapeLeft UIInterfaceOrientationLandscapeRight";
				LD_RUNPATH_SEARCH_PATHS = (
					"$(inherited)",
					"@executable_path/Frameworks",
				);
				MARKETING_VERSION = 1.0;
				PRODUCT_BUNDLE_IDENTIFIER = goldesel.Goldesel;
				PRODUCT_NAME = "$(TARGET_NAME)";
				SWIFT_EMIT_LOC_STRINGS = YES;
				SWIFT_VERSION = 5.0;
				TARGETED_DEVICE_FAMILY = "1,2";
			};
			name = Release;
		};
		C05CE6EE29ABC5AC00B3D2B9 /* Debug */ = {
			isa = XCBuildConfiguration;
			buildSettings = {
				ALWAYS_EMBED_SWIFT_STANDARD_LIBRARIES = YES;
				BUNDLE_LOADER = "$(TEST_HOST)";
				CODE_SIGN_STYLE = Automatic;
				CURRENT_PROJECT_VERSION = 1;
				DEVELOPMENT_TEAM = 328H4P3USJ;
				GENERATE_INFOPLIST_FILE = YES;
				IPHONEOS_DEPLOYMENT_TARGET = 16.2;
				MARKETING_VERSION = 1.0;
				PRODUCT_BUNDLE_IDENTIFIER = goldesel.GoldeselTests;
				PRODUCT_NAME = "$(TARGET_NAME)";
				SWIFT_EMIT_LOC_STRINGS = NO;
				SWIFT_VERSION = 5.0;
				TARGETED_DEVICE_FAMILY = "1,2";
				TEST_HOST = "$(BUILT_PRODUCTS_DIR)/Goldesel.app/$(BUNDLE_EXECUTABLE_FOLDER_PATH)/Goldesel";
			};
			name = Debug;
		};
		C05CE6EF29ABC5AC00B3D2B9 /* Release */ = {
			isa = XCBuildConfiguration;
			buildSettings = {
				ALWAYS_EMBED_SWIFT_STANDARD_LIBRARIES = YES;
				BUNDLE_LOADER = "$(TEST_HOST)";
				CODE_SIGN_STYLE = Automatic;
				CURRENT_PROJECT_VERSION = 1;
				DEVELOPMENT_TEAM = 328H4P3USJ;
				GENERATE_INFOPLIST_FILE = YES;
				IPHONEOS_DEPLOYMENT_TARGET = 16.2;
				MARKETING_VERSION = 1.0;
				PRODUCT_BUNDLE_IDENTIFIER = goldesel.GoldeselTests;
				PRODUCT_NAME = "$(TARGET_NAME)";
				SWIFT_EMIT_LOC_STRINGS = NO;
				SWIFT_VERSION = 5.0;
				TARGETED_DEVICE_FAMILY = "1,2";
				TEST_HOST = "$(BUILT_PRODUCTS_DIR)/Goldesel.app/$(BUNDLE_EXECUTABLE_FOLDER_PATH)/Goldesel";
			};
			name = Release;
		};
		C05CE6F129ABC5AC00B3D2B9 /* Debug */ = {
			isa = XCBuildConfiguration;
			buildSettings = {
				ALWAYS_EMBED_SWIFT_STANDARD_LIBRARIES = YES;
				CODE_SIGN_STYLE = Automatic;
				CURRENT_PROJECT_VERSION = 1;
				DEVELOPMENT_TEAM = 328H4P3USJ;
				GENERATE_INFOPLIST_FILE = YES;
				MARKETING_VERSION = 1.0;
				PRODUCT_BUNDLE_IDENTIFIER = goldesel.GoldeselUITests;
				PRODUCT_NAME = "$(TARGET_NAME)";
				SWIFT_EMIT_LOC_STRINGS = NO;
				SWIFT_VERSION = 5.0;
				TARGETED_DEVICE_FAMILY = "1,2";
				TEST_TARGET_NAME = Goldesel;
			};
			name = Debug;
		};
		C05CE6F229ABC5AC00B3D2B9 /* Release */ = {
			isa = XCBuildConfiguration;
			buildSettings = {
				ALWAYS_EMBED_SWIFT_STANDARD_LIBRARIES = YES;
				CODE_SIGN_STYLE = Automatic;
				CURRENT_PROJECT_VERSION = 1;
				DEVELOPMENT_TEAM = 328H4P3USJ;
				GENERATE_INFOPLIST_FILE = YES;
				MARKETING_VERSION = 1.0;
				PRODUCT_BUNDLE_IDENTIFIER = goldesel.GoldeselUITests;
				PRODUCT_NAME = "$(TARGET_NAME)";
				SWIFT_EMIT_LOC_STRINGS = NO;
				SWIFT_VERSION = 5.0;
				TARGETED_DEVICE_FAMILY = "1,2";
				TEST_TARGET_NAME = Goldesel;
			};
			name = Release;
		};
/* End XCBuildConfiguration section */

/* Begin XCConfigurationList section */
		C05CE6C129ABC5AA00B3D2B9 /* Build configuration list for PBXProject "Goldesel" */ = {
			isa = XCConfigurationList;
			buildConfigurations = (
				C05CE6E829ABC5AC00B3D2B9 /* Debug */,
				C05CE6E929ABC5AC00B3D2B9 /* Release */,
			);
			defaultConfigurationIsVisible = 0;
			defaultConfigurationName = Release;
		};
		C05CE6EA29ABC5AC00B3D2B9 /* Build configuration list for PBXNativeTarget "Goldesel" */ = {
			isa = XCConfigurationList;
			buildConfigurations = (
				C05CE6EB29ABC5AC00B3D2B9 /* Debug */,
				C05CE6EC29ABC5AC00B3D2B9 /* Release */,
			);
			defaultConfigurationIsVisible = 0;
			defaultConfigurationName = Release;
		};
		C05CE6ED29ABC5AC00B3D2B9 /* Build configuration list for PBXNativeTarget "GoldeselTests" */ = {
			isa = XCConfigurationList;
			buildConfigurations = (
				C05CE6EE29ABC5AC00B3D2B9 /* Debug */,
				C05CE6EF29ABC5AC00B3D2B9 /* Release */,
			);
			defaultConfigurationIsVisible = 0;
			defaultConfigurationName = Release;
		};
		C05CE6F029ABC5AC00B3D2B9 /* Build configuration list for PBXNativeTarget "GoldeselUITests" */ = {
			isa = XCConfigurationList;
			buildConfigurations = (
				C05CE6F129ABC5AC00B3D2B9 /* Debug */,
				C05CE6F229ABC5AC00B3D2B9 /* Release */,
			);
			defaultConfigurationIsVisible = 0;
			defaultConfigurationName = Release;
		};
/* End XCConfigurationList section */
	};
	rootObject = C05CE6BE29ABC5AA00B3D2B9 /* Project object */;
}
